
Microsoft Visual Studio Solution File, Format Version 12.00
# Visual Studio 14
VisualStudioVersion = 14.0.25420.1
MinimumVisualStudioVersion = 10.0.40219.1
Project("{8BB2217D-0F2D-49D1-97BC-3654ED321F3B}") = "OpenIDConnectWebClientCore", "OpenIDConnectWebClientCore\OpenIDConnectWebClientCore.xproj", "{5F871FE1-5B80-4CC3-AC2A-3782655D916A}"
EndProject
Project("{FAE04EC0-301F-11D3-BF4B-00C04F79EFBC}") = "OpenIDConnectWebClientOwin", "OpenIDConnectWebClientOwin\OpenIDConnectWebClientOwin.csproj", "{5D3B73E3-8BA5-4279-A2A1-88D514F4E6CF}"
EndProject
Project("{FAE04EC0-301F-11D3-BF4B-00C04F79EFBC}") = "WsFederationOwin", "WsFederationOwin\WsFederationOwin.csproj", "{8009C143-0748-445C-A093-4B9456D049C0}"
EndProject
Project("{2150E333-8FDC-42A3-9474-1A3956D46DE8}") = "Solution Items", "Solution Items", "{4520AF30-E499-4F44-A3A8-5A159346142E}"
	ProjectSection(SolutionItems) = preProject
		global.json = global.json
		readme.md = readme.md
	EndProjectSection
EndProject
Global
	GlobalSection(SolutionConfigurationPlatforms) = preSolution
		Debug|Any CPU = Debug|Any CPU
		Release|Any CPU = Release|Any CPU
	EndGlobalSection
	GlobalSection(ProjectConfigurationPlatforms) = postSolution
		{5F871FE1-5B80-4CC3-AC2A-3782655D916A}.Debug|Any CPU.ActiveCfg = Debug|Any CPU
		{5F871FE1-5B80-4CC3-AC2A-3782655D916A}.Debug|Any CPU.Build.0 = Debug|Any CPU
		{5F871FE1-5B80-4CC3-AC2A-3782655D916A}.Release|Any CPU.ActiveCfg = Release|Any CPU
		{5F871FE1-5B80-4CC3-AC2A-3782655D916A}.Release|Any CPU.Build.0 = Release|Any CPU
		{5D3B73E3-8BA5-4279-A2A1-88D514F4E6CF}.Debug|Any CPU.ActiveCfg = Debug|Any CPU
		{5D3B73E3-8BA5-4279-A2A1-88D514F4E6CF}.Debug|Any CPU.Build.0 = Debug|Any CPU
		{5D3B73E3-8BA5-4279-A2A1-88D514F4E6CF}.Release|Any CPU.ActiveCfg = Release|Any CPU
		{5D3B73E3-8BA5-4279-A2A1-88D514F4E6CF}.Release|Any CPU.Build.0 = Release|Any CPU
		{8009C143-0748-445C-A093-4B9456D049C0}.Debug|Any CPU.ActiveCfg = Debug|Any CPU
		{8009C143-0748-445C-A093-4B9456D049C0}.Debug|Any CPU.Build.0 = Debug|Any CPU
		{8009C143-0748-445C-A093-4B9456D049C0}.Release|Any CPU.ActiveCfg = Release|Any CPU
		{8009C143-0748-445C-A093-4B9456D049C0}.Release|Any CPU.Build.0 = Release|Any CPU
	EndGlobalSection
	GlobalSection(SolutionProperties) = preSolution
		HideSolutionNode = FALSE
	EndGlobalSection
EndGlobal
